
Microsoft Visual Studio Solution File, Format Version 12.00
# Visual Studio Version 17
VisualStudioVersion = 17.5.002.0
MinimumVisualStudioVersion = 10.0.40219.1
Project("{2150E333-8FDC-42A3-9474-1A3956D46DE8}") = "csharp-prep", "csharp-prep", "{FA6BDDC1-FECF-4F5F-8599-5D92D3EE07C1}"
EndProject
Project("{9A19103F-16F7-4668-BE54-9A1E7A4F7556}") = "Prep1", "csharp-prep\Prep1\Prep1.csproj", "{EAED63F4-7591-430F-A65E-49EC99132ED0}"
EndProject
Project("{9A19103F-16F7-4668-BE54-9A1E7A4F7556}") = "Prep2", "csharp-prep\Prep2\Prep2.csproj", "{A2DDB523-2CFF-47A1-8ED4-2A1F032860DF}"
EndProject
Project("{9A19103F-16F7-4668-BE54-9A1E7A4F7556}") = "Prep3", "csharp-prep\Prep3\Prep3.csproj", "{AE00DAA2-F583-4A92-90AA-DDE85271B037}"
EndProject
Project("{9A19103F-16F7-4668-BE54-9A1E7A4F7556}") = "Prep4", "csharp-prep\Prep4\Prep4.csproj", "{E72E8AFD-6F49-4ED8-9AB6-5FFA31983639}"
EndProject
Project("{9A19103F-16F7-4668-BE54-9A1E7A4F7556}") = "Prep5", "csharp-prep\Prep5\Prep5.csproj", "{0A5CE3EE-9391-4D24-8D66-30A1C2AF67F4}"
EndProject
Project("{2150E333-8FDC-42A3-9474-1A3956D46DE8}") = "final", "final", "{A64B7302-B4CC-481E-AE3B-ACAA6DD16184}"
EndProject
Project("{9A19103F-16F7-4668-BE54-9A1E7A4F7556}") = "FinalProject", "final\FinalProject\FinalProject.csproj", "{2E2B0C6D-7602-4BE9-B0D3-BF4C82E64006}"
EndProject
Project("{9A19103F-16F7-4668-BE54-9A1E7A4F7556}") = "Foundation1", "final\Foundation1\Foundation1.csproj", "{1B1F080F-4E97-4BC4-90A5-681B3C15D9BF}"
EndProject
Project("{9A19103F-16F7-4668-BE54-9A1E7A4F7556}") = "Foundation2", "final\Foundation2\Foundation2.csproj", "{0260647B-BA36-4CE9-9D70-AD7793639005}"
EndProject
Project("{9A19103F-16F7-4668-BE54-9A1E7A4F7556}") = "Foundation3", "final\Foundation3\Foundation3.csproj", "{756E993F-970D-4777-9D1A-C77EE3AED9EE}"
EndProject
Project("{9A19103F-16F7-4668-BE54-9A1E7A4F7556}") = "Foundation4", "final\Foundation4\Foundation4.csproj", "{B8DF8310-1A9C-4104-89E2-D4466DDAB43D}"
EndProject
Project("{2150E333-8FDC-42A3-9474-1A3956D46DE8}") = "prepare", "prepare", "{8808F596-99A2-403B-9CDA-3E5E656A8260}"
EndProject
Project("{9A19103F-16F7-4668-BE54-9A1E7A4F7556}") = "Learning02", "prepare\Learning02\Learning02.csproj", "{939CE31C-C3A6-47A2-BDD6-54E7D4999326}"
EndProject
Project("{9A19103F-16F7-4668-BE54-9A1E7A4F7556}") = "Learning03", "prepare\Learning03\Learning03.csproj", "{EF8DDA44-A24B-4A8A-AB69-054D96A68815}"
EndProject
Project("{9A19103F-16F7-4668-BE54-9A1E7A4F7556}") = "Learning04", "prepare\Learning04\Learning04.csproj", "{8BF1832B-E27A-4E0A-93D1-FF4BEF225ECD}"
EndProject
Project("{9A19103F-16F7-4668-BE54-9A1E7A4F7556}") = "Learning05", "prepare\Learning05\Learning05.csproj", "{E1373645-BE3B-4733-B0A5-6C2D19230C6B}"
EndProject
Project("{2150E333-8FDC-42A3-9474-1A3956D46DE8}") = "prove", "prove", "{571A61E4-AB27-4266-A970-F90E0396EB95}"
EndProject
Project("{9A19103F-16F7-4668-BE54-9A1E7A4F7556}") = "Develop02", "prove\Develop02\Develop02.csproj", "{E0B6729E-0745-412A-95AC-966488FB4F69}"
EndProject
Project("{9A19103F-16F7-4668-BE54-9A1E7A4F7556}") = "Develop03", "prove\Develop03\Develop03.csproj", "{B4B5176A-B231-44B9-A772-C85249D9A49B}"
EndProject
Project("{9A19103F-16F7-4668-BE54-9A1E7A4F7556}") = "Develop04", "prove\Develop04\Develop04.csproj", "{8882599D-787D-4791-8D4C-A70CD18EB2D6}"
EndProject
Project("{9A19103F-16F7-4668-BE54-9A1E7A4F7556}") = "Develop05", "prove\Develop05\Develop05.csproj", "{7B5AC316-FC49-4F2F-AB8C-6B967FF72A38}"
EndProject
Project("{2150E333-8FDC-42A3-9474-1A3956D46DE8}") = "sandbox", "sandbox", "{58C6C4E1-23C0-4E60-B390-8B4A3E78DAE0}"
EndProject
Project("{9A19103F-16F7-4668-BE54-9A1E7A4F7556}") = "Sandbox", "sandbox\Sandbox\Sandbox.csproj", "{6E3F1E94-A8EC-427B-ABAD-0A253ED9A5D0}"
EndProject
Global
	GlobalSection(SolutionConfigurationPlatforms) = preSolution
		Debug|Any CPU = Debug|Any CPU
		Release|Any CPU = Release|Any CPU
	EndGlobalSection
	GlobalSection(ProjectConfigurationPlatforms) = postSolution
		{EAED63F4-7591-430F-A65E-49EC99132ED0}.Debug|Any CPU.ActiveCfg = Debug|Any CPU
		{EAED63F4-7591-430F-A65E-49EC99132ED0}.Debug|Any CPU.Build.0 = Debug|Any CPU
		{EAED63F4-7591-430F-A65E-49EC99132ED0}.Release|Any CPU.ActiveCfg = Release|Any CPU
		{EAED63F4-7591-430F-A65E-49EC99132ED0}.Release|Any CPU.Build.0 = Release|Any CPU
		{A2DDB523-2CFF-47A1-8ED4-2A1F032860DF}.Debug|Any CPU.ActiveCfg = Debug|Any CPU
		{A2DDB523-2CFF-47A1-8ED4-2A1F032860DF}.Debug|Any CPU.Build.0 = Debug|Any CPU
		{A2DDB523-2CFF-47A1-8ED4-2A1F032860DF}.Release|Any CPU.ActiveCfg = Release|Any CPU
		{A2DDB523-2CFF-47A1-8ED4-2A1F032860DF}.Release|Any CPU.Build.0 = Release|Any CPU
		{AE00DAA2-F583-4A92-90AA-DDE85271B037}.Debug|Any CPU.ActiveCfg = Debug|Any CPU
		{AE00DAA2-F583-4A92-90AA-DDE85271B037}.Debug|Any CPU.Build.0 = Debug|Any CPU
		{AE00DAA2-F583-4A92-90AA-DDE85271B037}.Release|Any CPU.ActiveCfg = Release|Any CPU
		{AE00DAA2-F583-4A92-90AA-DDE85271B037}.Release|Any CPU.Build.0 = Release|Any CPU
		{E72E8AFD-6F49-4ED8-9AB6-5FFA31983639}.Debug|Any CPU.ActiveCfg = Debug|Any CPU
		{E72E8AFD-6F49-4ED8-9AB6-5FFA31983639}.Debug|Any CPU.Build.0 = Debug|Any CPU
		{E72E8AFD-6F49-4ED8-9AB6-5FFA31983639}.Release|Any CPU.ActiveCfg = Release|Any CPU
		{E72E8AFD-6F49-4ED8-9AB6-5FFA31983639}.Release|Any CPU.Build.0 = Release|Any CPU
		{0A5CE3EE-9391-4D24-8D66-30A1C2AF67F4}.Debug|Any CPU.ActiveCfg = Debug|Any CPU
		{0A5CE3EE-9391-4D24-8D66-30A1C2AF67F4}.Debug|Any CPU.Build.0 = Debug|Any CPU
		{0A5CE3EE-9391-4D24-8D66-30A1C2AF67F4}.Release|Any CPU.ActiveCfg = Release|Any CPU
		{0A5CE3EE-9391-4D24-8D66-30A1C2AF67F4}.Release|Any CPU.Build.0 = Release|Any CPU
		{2E2B0C6D-7602-4BE9-B0D3-BF4C82E64006}.Debug|Any CPU.ActiveCfg = Debug|Any CPU
		{2E2B0C6D-7602-4BE9-B0D3-BF4C82E64006}.Debug|Any CPU.Build.0 = Debug|Any CPU
		{2E2B0C6D-7602-4BE9-B0D3-BF4C82E64006}.Release|Any CPU.ActiveCfg = Release|Any CPU
		{2E2B0C6D-7602-4BE9-B0D3-BF4C82E64006}.Release|Any CPU.Build.0 = Release|Any CPU
		{1B1F080F-4E97-4BC4-90A5-681B3C15D9BF}.Debug|Any CPU.ActiveCfg = Debug|Any CPU
		{1B1F080F-4E97-4BC4-90A5-681B3C15D9BF}.Debug|Any CPU.Build.0 = Debug|Any CPU
		{1B1F080F-4E97-4BC4-90A5-681B3C15D9BF}.Release|Any CPU.ActiveCfg = Release|Any CPU
		{1B1F080F-4E97-4BC4-90A5-681B3C15D9BF}.Release|Any CPU.Build.0 = Release|Any CPU
		{0260647B-BA36-4CE9-9D70-AD7793639005}.Debug|Any CPU.ActiveCfg = Debug|Any CPU
		{0260647B-BA36-4CE9-9D70-AD7793639005}.Debug|Any CPU.Build.0 = Debug|Any CPU
		{0260647B-BA36-4CE9-9D70-AD7793639005}.Release|Any CPU.ActiveCfg = Release|Any CPU
		{0260647B-BA36-4CE9-9D70-AD7793639005}.Release|Any CPU.Build.0 = Release|Any CPU
		{756E993F-970D-4777-9D1A-C77EE3AED9EE}.Debug|Any CPU.ActiveCfg = Debug|Any CPU
		{756E993F-970D-4777-9D1A-C77EE3AED9EE}.Debug|Any CPU.Build.0 = Debug|Any CPU
		{756E993F-970D-4777-9D1A-C77EE3AED9EE}.Release|Any CPU.ActiveCfg = Release|Any CPU
		{756E993F-970D-4777-9D1A-C77EE3AED9EE}.Release|Any CPU.Build.0 = Release|Any CPU
		{B8DF8310-1A9C-4104-89E2-D4466DDAB43D}.Debug|Any CPU.ActiveCfg = Debug|Any CPU
		{B8DF8310-1A9C-4104-89E2-D4466DDAB43D}.Debug|Any CPU.Build.0 = Debug|Any CPU
		{B8DF8310-1A9C-4104-89E2-D4466DDAB43D}.Release|Any CPU.ActiveCfg = Release|Any CPU
		{B8DF8310-1A9C-4104-89E2-D4466DDAB43D}.Release|Any CPU.Build.0 = Release|Any CPU
		{939CE31C-C3A6-47A2-BDD6-54E7D4999326}.Debug|Any CPU.ActiveCfg = Debug|Any CPU
		{939CE31C-C3A6-47A2-BDD6-54E7D4999326}.Debug|Any CPU.Build.0 = Debug|Any CPU
		{939CE31C-C3A6-47A2-BDD6-54E7D4999326}.Release|Any CPU.ActiveCfg = Release|Any CPU
		{939CE31C-C3A6-47A2-BDD6-54E7D4999326}.Release|Any CPU.Build.0 = Release|Any CPU
		{EF8DDA44-A24B-4A8A-AB69-054D96A68815}.Debug|Any CPU.ActiveCfg = Debug|Any CPU
		{EF8DDA44-A24B-4A8A-AB69-054D96A68815}.Debug|Any CPU.Build.0 = Debug|Any CPU
		{EF8DDA44-A24B-4A8A-AB69-054D96A68815}.Release|Any CPU.ActiveCfg = Release|Any CPU
		{EF8DDA44-A24B-4A8A-AB69-054D96A68815}.Release|Any CPU.Build.0 = Release|Any CPU
		{8BF1832B-E27A-4E0A-93D1-FF4BEF225ECD}.Debug|Any CPU.ActiveCfg = Debug|Any CPU
		{8BF1832B-E27A-4E0A-93D1-FF4BEF225ECD}.Debug|Any CPU.Build.0 = Debug|Any CPU
		{8BF1832B-E27A-4E0A-93D1-FF4BEF225ECD}.Release|Any CPU.ActiveCfg = Release|Any CPU
		{8BF1832B-E27A-4E0A-93D1-FF4BEF225ECD}.Release|Any CPU.Build.0 = Release|Any CPU
		{E1373645-BE3B-4733-B0A5-6C2D19230C6B}.Debug|Any CPU.ActiveCfg = Debug|Any CPU
		{E1373645-BE3B-4733-B0A5-6C2D19230C6B}.Debug|Any CPU.Build.0 = Debug|Any CPU
		{E1373645-BE3B-4733-B0A5-6C2D19230C6B}.Release|Any CPU.ActiveCfg = Release|Any CPU
		{E1373645-BE3B-4733-B0A5-6C2D19230C6B}.Release|Any CPU.Build.0 = Release|Any CPU
		{E0B6729E-0745-412A-95AC-966488FB4F69}.Debug|Any CPU.ActiveCfg = Debug|Any CPU
		{E0B6729E-0745-412A-95AC-966488FB4F69}.Debug|Any CPU.Build.0 = Debug|Any CPU
		{E0B6729E-0745-412A-95AC-966488FB4F69}.Release|Any CPU.ActiveCfg = Release|Any CPU
		{E0B6729E-0745-412A-95AC-966488FB4F69}.Release|Any CPU.Build.0 = Release|Any CPU
		{B4B5176A-B231-44B9-A772-C85249D9A49B}.Debug|Any CPU.ActiveCfg = Debug|Any CPU
		{B4B5176A-B231-44B9-A772-C85249D9A49B}.Debug|Any CPU.Build.0 = Debug|Any CPU
		{B4B5176A-B231-44B9-A772-C85249D9A49B}.Release|Any CPU.ActiveCfg = Release|Any CPU
		{B4B5176A-B231-44B9-A772-C85249D9A49B}.Release|Any CPU.Build.0 = Release|Any CPU
		{8882599D-787D-4791-8D4C-A70CD18EB2D6}.Debug|Any CPU.ActiveCfg = Debug|Any CPU
		{8882599D-787D-4791-8D4C-A70CD18EB2D6}.Debug|Any CPU.Build.0 = Debug|Any CPU
		{8882599D-787D-4791-8D4C-A70CD18EB2D6}.Release|Any CPU.ActiveCfg = Release|Any CPU
		{8882599D-787D-4791-8D4C-A70CD18EB2D6}.Release|Any CPU.Build.0 = Release|Any CPU
		{7B5AC316-FC49-4F2F-AB8C-6B967FF72A38}.Debug|Any CPU.ActiveCfg = Debug|Any CPU
		{7B5AC316-FC49-4F2F-AB8C-6B967FF72A38}.Debug|Any CPU.Build.0 = Debug|Any CPU
		{7B5AC316-FC49-4F2F-AB8C-6B967FF72A38}.Release|Any CPU.ActiveCfg = Release|Any CPU
		{7B5AC316-FC49-4F2F-AB8C-6B967FF72A38}.Release|Any CPU.Build.0 = Release|Any CPU
		{6E3F1E94-A8EC-427B-ABAD-0A253ED9A5D0}.Debug|Any CPU.ActiveCfg = Debug|Any CPU
		{6E3F1E94-A8EC-427B-ABAD-0A253ED9A5D0}.Debug|Any CPU.Build.0 = Debug|Any CPU
		{6E3F1E94-A8EC-427B-ABAD-0A253ED9A5D0}.Release|Any CPU.ActiveCfg = Release|Any CPU
		{6E3F1E94-A8EC-427B-ABAD-0A253ED9A5D0}.Release|Any CPU.Build.0 = Release|Any CPU
	EndGlobalSection
	GlobalSection(SolutionProperties) = preSolution
		HideSolutionNode = FALSE
	EndGlobalSection
	GlobalSection(NestedProjects) = preSolution
		{EAED63F4-7591-430F-A65E-49EC99132ED0} = {FA6BDDC1-FECF-4F5F-8599-5D92D3EE07C1}
		{A2DDB523-2CFF-47A1-8ED4-2A1F032860DF} = {FA6BDDC1-FECF-4F5F-8599-5D92D3EE07C1}
		{AE00DAA2-F583-4A92-90AA-DDE85271B037} = {FA6BDDC1-FECF-4F5F-8599-5D92D3EE07C1}
		{E72E8AFD-6F49-4ED8-9AB6-5FFA31983639} = {FA6BDDC1-FECF-4F5F-8599-5D92D3EE07C1}
		{0A5CE3EE-9391-4D24-8D66-30A1C2AF67F4} = {FA6BDDC1-FECF-4F5F-8599-5D92D3EE07C1}
		{2E2B0C6D-7602-4BE9-B0D3-BF4C82E64006} = {A64B7302-B4CC-481E-AE3B-ACAA6DD16184}
		{1B1F080F-4E97-4BC4-90A5-681B3C15D9BF} = {A64B7302-B4CC-481E-AE3B-ACAA6DD16184}
		{0260647B-BA36-4CE9-9D70-AD7793639005} = {A64B7302-B4CC-481E-AE3B-ACAA6DD16184}
		{756E993F-970D-4777-9D1A-C77EE3AED9EE} = {A64B7302-B4CC-481E-AE3B-ACAA6DD16184}
		{B8DF8310-1A9C-4104-89E2-D4466DDAB43D} = {A64B7302-B4CC-481E-AE3B-ACAA6DD16184}
		{939CE31C-C3A6-47A2-BDD6-54E7D4999326} = {8808F596-99A2-403B-9CDA-3E5E656A8260}
		{EF8DDA44-A24B-4A8A-AB69-054D96A68815} = {8808F596-99A2-403B-9CDA-3E5E656A8260}
		{8BF1832B-E27A-4E0A-93D1-FF4BEF225ECD} = {8808F596-99A2-403B-9CDA-3E5E656A8260}
		{E1373645-BE3B-4733-B0A5-6C2D19230C6B} = {8808F596-99A2-403B-9CDA-3E5E656A8260}
		{E0B6729E-0745-412A-95AC-966488FB4F69} = {571A61E4-AB27-4266-A970-F90E0396EB95}
		{B4B5176A-B231-44B9-A772-C85249D9A49B} = {571A61E4-AB27-4266-A970-F90E0396EB95}
		{8882599D-787D-4791-8D4C-A70CD18EB2D6} = {571A61E4-AB27-4266-A970-F90E0396EB95}
		{7B5AC316-FC49-4F2F-AB8C-6B967FF72A38} = {571A61E4-AB27-4266-A970-F90E0396EB95}
		{6E3F1E94-A8EC-427B-ABAD-0A253ED9A5D0} = {58C6C4E1-23C0-4E60-B390-8B4A3E78DAE0}
	EndGlobalSection
	GlobalSection(ExtensibilityGlobals) = postSolution
		SolutionGuid = {D9A93ECF-8ABB-4634-98BD-CB841D299829}
	EndGlobalSection
EndGlobal
